version = 0

[sets.abcdef0123456789abcdef0123456789abcdef01]
tag = "set-1"
mirrors = ["https://git.example.com/set-1.git"]

[compose]
use = "some-composer"
entry = "default.nix"

[[deps]]
type = "Atom"
label = "pkg"
version = "1.0.0"
set = "abcdef0123456789abcdef0123456789abcdef01"
rev = "0123456789abcdef0123456789abcdef01234567"
direct = true
